
Microsoft Visual Studio Solution File, Format Version 12.00
# Visual Studio Version 16
VisualStudioVersion = 16.0.32901.82
MinimumVisualStudioVersion = 10.0.40219.1
Project("{9A19103F-16F7-4668-BE54-9A1E7A4F7556}") = "Likya.Api", "Likya.Api\Likya.Api.csproj", "{9F067B60-7767-410D-9136-2E7D746E7617}"
EndProject
Project("{9A19103F-16F7-4668-BE54-9A1E7A4F7556}") = "Likya.Business", "Likya.Business\Likya.Business.csproj", "{5C4F9076-A72C-4AEE-8ADA-3B2701181F5E}"
EndProject
Project("{9A19103F-16F7-4668-BE54-9A1E7A4F7556}") = "Likya.Data", "Likya.Data\Likya.Data.csproj", "{21021961-CE00-413E-9316-AFD2564066D3}"
EndProject
Project("{FAE04EC0-301F-11D3-BF4B-00C04F79EFBC}") = "Likya.Core", "Likya.Core\Likya.Core.csproj", "{CCB72C19-2B74-4FB7-996C-D3A2D147DE09}"
EndProject
Global
	GlobalSection(SolutionConfigurationPlatforms) = preSolution
		Debug|Any CPU = Debug|Any CPU
		Release|Any CPU = Release|Any CPU
	EndGlobalSection
	GlobalSection(ProjectConfigurationPlatforms) = postSolution
		{9F067B60-7767-410D-9136-2E7D746E7617}.Debug|Any CPU.ActiveCfg = Debug|Any CPU
		{9F067B60-7767-410D-9136-2E7D746E7617}.Debug|Any CPU.Build.0 = Debug|Any CPU
		{9F067B60-7767-410D-9136-2E7D746E7617}.Release|Any CPU.ActiveCfg = Release|Any CPU
		{9F067B60-7767-410D-9136-2E7D746E7617}.Release|Any CPU.Build.0 = Release|Any CPU
		{5C4F9076-A72C-4AEE-8ADA-3B2701181F5E}.Debug|Any CPU.ActiveCfg = Debug|Any CPU
		{5C4F9076-A72C-4AEE-8ADA-3B2701181F5E}.Debug|Any CPU.Build.0 = Debug|Any CPU
		{5C4F9076-A72C-4AEE-8ADA-3B2701181F5E}.Release|Any CPU.ActiveCfg = Release|Any CPU
		{5C4F9076-A72C-4AEE-8ADA-3B2701181F5E}.Release|Any CPU.Build.0 = Release|Any CPU
		{21021961-CE00-413E-9316-AFD2564066D3}.Debug|Any CPU.ActiveCfg = Debug|Any CPU
		{21021961-CE00-413E-9316-AFD2564066D3}.Debug|Any CPU.Build.0 = Debug|Any CPU
		{21021961-CE00-413E-9316-AFD2564066D3}.Release|Any CPU.ActiveCfg = Release|Any CPU
		{21021961-CE00-413E-9316-AFD2564066D3}.Release|Any CPU.Build.0 = Release|Any CPU
		{CCB72C19-2B74-4FB7-996C-D3A2D147DE09}.Debug|Any CPU.ActiveCfg = Debug|Any CPU
		{CCB72C19-2B74-4FB7-996C-D3A2D147DE09}.Debug|Any CPU.Build.0 = Debug|Any CPU
		{CCB72C19-2B74-4FB7-996C-D3A2D147DE09}.Release|Any CPU.ActiveCfg = Release|Any CPU
		{CCB72C19-2B74-4FB7-996C-D3A2D147DE09}.Release|Any CPU.Build.0 = Release|Any CPU
	EndGlobalSection
	GlobalSection(SolutionProperties) = preSolution
		HideSolutionNode = FALSE
	EndGlobalSection
	GlobalSection(ExtensibilityGlobals) = postSolution
		SolutionGuid = {B5B24811-31E8-4C53-92BC-36B82508382A}
	EndGlobalSection
EndGlobal
